
Microsoft Visual Studio Solution File, Format Version 12.00
# Visual Studio Version 17
VisualStudioVersion = 17.2.32616.157
MinimumVisualStudioVersion = 10.0.40219.1
Project("{9A19103F-16F7-4668-BE54-9A1E7A4F7556}") = "Publisher", "Publisher\Publisher.csproj", "{4B4A6FC4-B972-48E3-B5B8-7D7AFD4CCA4A}"
EndProject
Project("{9A19103F-16F7-4668-BE54-9A1E7A4F7556}") = "Consumer", "Consumer\Consumer.csproj", "{EE867146-FBF1-4999-B750-35AB61F6F47A}"
EndProject
Project("{9A19103F-16F7-4668-BE54-9A1E7A4F7556}") = "Data", "Data\Data.csproj", "{8024887D-3BF6-4173-93ED-60268AE57E87}"
EndProject
Project("{FAE04EC0-301F-11D3-BF4B-00C04F79EFBC}") = "Tests", "Tests\Tests.csproj", "{C4046AD0-C204-499A-A897-93EAF2896916}"
EndProject
Global
	GlobalSection(SolutionConfigurationPlatforms) = preSolution
		Debug|Any CPU = Debug|Any CPU
		Release|Any CPU = Release|Any CPU
	EndGlobalSection
	GlobalSection(ProjectConfigurationPlatforms) = postSolution
		{4B4A6FC4-B972-48E3-B5B8-7D7AFD4CCA4A}.Debug|Any CPU.ActiveCfg = Debug|Any CPU
		{4B4A6FC4-B972-48E3-B5B8-7D7AFD4CCA4A}.Debug|Any CPU.Build.0 = Debug|Any CPU
		{4B4A6FC4-B972-48E3-B5B8-7D7AFD4CCA4A}.Release|Any CPU.ActiveCfg = Release|Any CPU
		{4B4A6FC4-B972-48E3-B5B8-7D7AFD4CCA4A}.Release|Any CPU.Build.0 = Release|Any CPU
		{EE867146-FBF1-4999-B750-35AB61F6F47A}.Debug|Any CPU.ActiveCfg = Debug|Any CPU
		{EE867146-FBF1-4999-B750-35AB61F6F47A}.Debug|Any CPU.Build.0 = Debug|Any CPU
		{EE867146-FBF1-4999-B750-35AB61F6F47A}.Release|Any CPU.ActiveCfg = Release|Any CPU
		{EE867146-FBF1-4999-B750-35AB61F6F47A}.Release|Any CPU.Build.0 = Release|Any CPU
		{8024887D-3BF6-4173-93ED-60268AE57E87}.Debug|Any CPU.ActiveCfg = Debug|Any CPU
		{8024887D-3BF6-4173-93ED-60268AE57E87}.Debug|Any CPU.Build.0 = Debug|Any CPU
		{8024887D-3BF6-4173-93ED-60268AE57E87}.Release|Any CPU.ActiveCfg = Release|Any CPU
		{8024887D-3BF6-4173-93ED-60268AE57E87}.Release|Any CPU.Build.0 = Release|Any CPU
		{C4046AD0-C204-499A-A897-93EAF2896916}.Debug|Any CPU.ActiveCfg = Debug|Any CPU
		{C4046AD0-C204-499A-A897-93EAF2896916}.Debug|Any CPU.Build.0 = Debug|Any CPU
		{C4046AD0-C204-499A-A897-93EAF2896916}.Release|Any CPU.ActiveCfg = Release|Any CPU
		{C4046AD0-C204-499A-A897-93EAF2896916}.Release|Any CPU.Build.0 = Release|Any CPU
	EndGlobalSection
	GlobalSection(SolutionProperties) = preSolution
		HideSolutionNode = FALSE
	EndGlobalSection
	GlobalSection(ExtensibilityGlobals) = postSolution
		SolutionGuid = {819A85B9-4BA6-473A-B75F-9AC09E82EE27}
	EndGlobalSection
EndGlobal
